
Microsoft Visual Studio Solution File, Format Version 12.00
# Visual Studio Version 16
VisualStudioVersion = 16.0.29230.47
MinimumVisualStudioVersion = 10.0.40219.1
Project("{FAE04EC0-301F-11D3-BF4B-00C04F79EFBC}") = "FIU_Controler", "FIU_Controler\FIU_Controler.csproj", "{19F1A9A6-48D2-4321-B400-923AB9A7B608}"
EndProject
Global
	GlobalSection(SolutionConfigurationPlatforms) = preSolution
		Debug|Any CPU = Debug|Any CPU
		Debug|x64 = Debug|x64
		Release|Any CPU = Release|Any CPU
		Release|x64 = Release|x64
	EndGlobalSection
	GlobalSection(ProjectConfigurationPlatforms) = postSolution
		{19F1A9A6-48D2-4321-B400-923AB9A7B608}.Debug|Any CPU.ActiveCfg = Debug|Any CPU
		{19F1A9A6-48D2-4321-B400-923AB9A7B608}.Debug|Any CPU.Build.0 = Debug|Any CPU
		{19F1A9A6-48D2-4321-B400-923AB9A7B608}.Debug|x64.ActiveCfg = Debug|x64
		{19F1A9A6-48D2-4321-B400-923AB9A7B608}.Debug|x64.Build.0 = Debug|x64
		{19F1A9A6-48D2-4321-B400-923AB9A7B608}.Release|Any CPU.ActiveCfg = Release|Any CPU
		{19F1A9A6-48D2-4321-B400-923AB9A7B608}.Release|Any CPU.Build.0 = Release|Any CPU
		{19F1A9A6-48D2-4321-B400-923AB9A7B608}.Release|x64.ActiveCfg = Release|x64
		{19F1A9A6-48D2-4321-B400-923AB9A7B608}.Release|x64.Build.0 = Release|x64
	EndGlobalSection
	GlobalSection(SolutionProperties) = preSolution
		HideSolutionNode = FALSE
	EndGlobalSection
	GlobalSection(ExtensibilityGlobals) = postSolution
		SolutionGuid = {75067CC4-547E-4269-9C31-ED1F1DDA9C0F}
	EndGlobalSection
EndGlobal
